
Microsoft Visual Studio Solution File, Format Version 12.00
# Visual Studio Version 16
VisualStudioVersion = 16.0.31911.196
MinimumVisualStudioVersion = 10.0.40219.1
Project("{8BC9CEB8-8B4A-11D0-8D11-00A0C91BC942}") = "test-cct", "test-cct\test-cct.vcxproj", "{B47778D8-7790-4C70-8865-605443964F6A}"
EndProject
Project("{8BC9CEB8-8B4A-11D0-8D11-00A0C91BC942}") = "90-b1", "90-b1\90-b1.vcxproj", "{1887A2BC-82D6-4FD8-A9BC-12EE1F0422CD}"
EndProject
Project("{8BC9CEB8-8B4A-11D0-8D11-00A0C91BC942}") = "5-b6-1", "5-b6-1\5-b6-1.vcxproj", "{A7D826DD-EC47-4900-8CD7-DEF353D92896}"
EndProject
Project("{8BC9CEB8-8B4A-11D0-8D11-00A0C91BC942}") = "test", "test\test.vcxproj", "{9B30A85E-3075-4EC4-97F4-EB5AC1C4B9AF}"
EndProject
Project("{8BC9CEB8-8B4A-11D0-8D11-00A0C91BC942}") = "w14-c3-s1", "w14-c3-s1\w14-c3-s1.vcxproj", "{673C4855-C73A-4EE9-AB29-E3D93326F352}"
EndProject
Project("{8BC9CEB8-8B4A-11D0-8D11-00A0C91BC942}") = "6-b1", "6-b1\6-b1.vcxproj", "{24FFDE2C-42BB-4C07-AEA7-EFC150A5D0F8}"
EndProject
Project("{8BC9CEB8-8B4A-11D0-8D11-00A0C91BC942}") = "6-b2", "6-b2\6-b2.vcxproj", "{0F0A1872-DDB9-458A-AB8E-20AA3287561A}"
EndProject
Project("{8BC9CEB8-8B4A-11D0-8D11-00A0C91BC942}") = "6-b3", "6-b3\6-b3.vcxproj", "{1911CD0C-FF3D-4901-8B61-7D63D17FE63F}"
EndProject
Project("{8BC9CEB8-8B4A-11D0-8D11-00A0C91BC942}") = "6-b4", "6-b4\6-b4.vcxproj", "{919D4D2B-B411-415C-A58F-41027C4DC12E}"
EndProject
Project("{8BC9CEB8-8B4A-11D0-8D11-00A0C91BC942}") = "mto10-net-demo", "mto10-net-demo\mto10-net-demo.vcxproj", "{85A63F12-7B30-45E3-B3EA-1D385DDB8291}"
EndProject
Project("{8BC9CEB8-8B4A-11D0-8D11-00A0C91BC942}") = "w15-c3-s1", "w15-c3-s1\w15-c3-s1.vcxproj", "{72F48527-61A1-41DE-99D7-EAF8376A4819}"
EndProject
Project("{8BC9CEB8-8B4A-11D0-8D11-00A0C91BC942}") = "7-b1", "7-b1\7-b1.vcxproj", "{70E76300-A741-4783-828C-68401D453956}"
EndProject
Project("{8BC9CEB8-8B4A-11D0-8D11-00A0C91BC942}") = "7-b2", "7-b2\7-b2.vcxproj", "{377F32FE-8553-43B1-808E-EB81FDA3F9D6}"
EndProject
Project("{8BC9CEB8-8B4A-11D0-8D11-00A0C91BC942}") = "8-b2", "8-b2\8-b2.vcxproj", "{B6118DE3-C15D-4BD8-83FB-CA5A7C9A3F98}"
EndProject
Project("{8BC9CEB8-8B4A-11D0-8D11-00A0C91BC942}") = "8-b3", "8-b3\8-b3.vcxproj", "{31895BB3-16ED-476A-859D-2D6F449D45E6}"
EndProject
Project("{8BC9CEB8-8B4A-11D0-8D11-00A0C91BC942}") = "9-b1-1", "9-b1-1\9-b1-1.vcxproj", "{E1B7AEE7-7544-43FB-A56E-26C1C61C1DA4}"
EndProject
Project("{8BC9CEB8-8B4A-11D0-8D11-00A0C91BC942}") = "9-b1-2", "9-b1-2\9-b1-2.vcxproj", "{448994FB-DD35-46A5-9F69-16D3200FC495}"
EndProject
Project("{8BC9CEB8-8B4A-11D0-8D11-00A0C91BC942}") = "9-b2", "9-b2\9-b2.vcxproj", "{DBB594A8-FB5F-4AD5-9503-5538C472F457}"
EndProject
Project("{8BC9CEB8-8B4A-11D0-8D11-00A0C91BC942}") = "90-b2", "90-b2\90-b2.vcxproj", "{43434809-2AF5-4325-B46B-B8BE9540F04E}"
EndProject
Global
	GlobalSection(SolutionConfigurationPlatforms) = preSolution
		Debug|x64 = Debug|x64
		Debug|x86 = Debug|x86
		Release|x64 = Release|x64
		Release|x86 = Release|x86
	EndGlobalSection
	GlobalSection(ProjectConfigurationPlatforms) = postSolution
		{B47778D8-7790-4C70-8865-605443964F6A}.Debug|x64.ActiveCfg = Debug|x64
		{B47778D8-7790-4C70-8865-605443964F6A}.Debug|x64.Build.0 = Debug|x64
		{B47778D8-7790-4C70-8865-605443964F6A}.Debug|x86.ActiveCfg = Debug|Win32
		{B47778D8-7790-4C70-8865-605443964F6A}.Debug|x86.Build.0 = Debug|Win32
		{B47778D8-7790-4C70-8865-605443964F6A}.Release|x64.ActiveCfg = Release|x64
		{B47778D8-7790-4C70-8865-605443964F6A}.Release|x64.Build.0 = Release|x64
		{B47778D8-7790-4C70-8865-605443964F6A}.Release|x86.ActiveCfg = Release|Win32
		{B47778D8-7790-4C70-8865-605443964F6A}.Release|x86.Build.0 = Release|Win32
		{1887A2BC-82D6-4FD8-A9BC-12EE1F0422CD}.Debug|x64.ActiveCfg = Debug|x64
		{1887A2BC-82D6-4FD8-A9BC-12EE1F0422CD}.Debug|x64.Build.0 = Debug|x64
		{1887A2BC-82D6-4FD8-A9BC-12EE1F0422CD}.Debug|x86.ActiveCfg = Debug|Win32
		{1887A2BC-82D6-4FD8-A9BC-12EE1F0422CD}.Debug|x86.Build.0 = Debug|Win32
		{1887A2BC-82D6-4FD8-A9BC-12EE1F0422CD}.Release|x64.ActiveCfg = Release|x64
		{1887A2BC-82D6-4FD8-A9BC-12EE1F0422CD}.Release|x64.Build.0 = Release|x64
		{1887A2BC-82D6-4FD8-A9BC-12EE1F0422CD}.Release|x86.ActiveCfg = Release|Win32
		{1887A2BC-82D6-4FD8-A9BC-12EE1F0422CD}.Release|x86.Build.0 = Release|Win32
		{A7D826DD-EC47-4900-8CD7-DEF353D92896}.Debug|x64.ActiveCfg = Debug|x64
		{A7D826DD-EC47-4900-8CD7-DEF353D92896}.Debug|x64.Build.0 = Debug|x64
		{A7D826DD-EC47-4900-8CD7-DEF353D92896}.Debug|x86.ActiveCfg = Debug|Win32
		{A7D826DD-EC47-4900-8CD7-DEF353D92896}.Debug|x86.Build.0 = Debug|Win32
		{A7D826DD-EC47-4900-8CD7-DEF353D92896}.Release|x64.ActiveCfg = Release|x64
		{A7D826DD-EC47-4900-8CD7-DEF353D92896}.Release|x64.Build.0 = Release|x64
		{A7D826DD-EC47-4900-8CD7-DEF353D92896}.Release|x86.ActiveCfg = Release|Win32
		{A7D826DD-EC47-4900-8CD7-DEF353D92896}.Release|x86.Build.0 = Release|Win32
		{9B30A85E-3075-4EC4-97F4-EB5AC1C4B9AF}.Debug|x64.ActiveCfg = Debug|x64
		{9B30A85E-3075-4EC4-97F4-EB5AC1C4B9AF}.Debug|x64.Build.0 = Debug|x64
		{9B30A85E-3075-4EC4-97F4-EB5AC1C4B9AF}.Debug|x86.ActiveCfg = Debug|Win32
		{9B30A85E-3075-4EC4-97F4-EB5AC1C4B9AF}.Debug|x86.Build.0 = Debug|Win32
		{9B30A85E-3075-4EC4-97F4-EB5AC1C4B9AF}.Release|x64.ActiveCfg = Release|x64
		{9B30A85E-3075-4EC4-97F4-EB5AC1C4B9AF}.Release|x64.Build.0 = Release|x64
		{9B30A85E-3075-4EC4-97F4-EB5AC1C4B9AF}.Release|x86.ActiveCfg = Release|Win32
		{9B30A85E-3075-4EC4-97F4-EB5AC1C4B9AF}.Release|x86.Build.0 = Release|Win32
		{673C4855-C73A-4EE9-AB29-E3D93326F352}.Debug|x64.ActiveCfg = Debug|x64
		{673C4855-C73A-4EE9-AB29-E3D93326F352}.Debug|x64.Build.0 = Debug|x64
		{673C4855-C73A-4EE9-AB29-E3D93326F352}.Debug|x86.ActiveCfg = Debug|Win32
		{673C4855-C73A-4EE9-AB29-E3D93326F352}.Debug|x86.Build.0 = Debug|Win32
		{673C4855-C73A-4EE9-AB29-E3D93326F352}.Release|x64.ActiveCfg = Release|x64
		{673C4855-C73A-4EE9-AB29-E3D93326F352}.Release|x64.Build.0 = Release|x64
		{673C4855-C73A-4EE9-AB29-E3D93326F352}.Release|x86.ActiveCfg = Release|Win32
		{673C4855-C73A-4EE9-AB29-E3D93326F352}.Release|x86.Build.0 = Release|Win32
		{24FFDE2C-42BB-4C07-AEA7-EFC150A5D0F8}.Debug|x64.ActiveCfg = Debug|x64
		{24FFDE2C-42BB-4C07-AEA7-EFC150A5D0F8}.Debug|x64.Build.0 = Debug|x64
		{24FFDE2C-42BB-4C07-AEA7-EFC150A5D0F8}.Debug|x86.ActiveCfg = Debug|Win32
		{24FFDE2C-42BB-4C07-AEA7-EFC150A5D0F8}.Debug|x86.Build.0 = Debug|Win32
		{24FFDE2C-42BB-4C07-AEA7-EFC150A5D0F8}.Release|x64.ActiveCfg = Release|x64
		{24FFDE2C-42BB-4C07-AEA7-EFC150A5D0F8}.Release|x64.Build.0 = Release|x64
		{24FFDE2C-42BB-4C07-AEA7-EFC150A5D0F8}.Release|x86.ActiveCfg = Release|Win32
		{24FFDE2C-42BB-4C07-AEA7-EFC150A5D0F8}.Release|x86.Build.0 = Release|Win32
		{0F0A1872-DDB9-458A-AB8E-20AA3287561A}.Debug|x64.ActiveCfg = Debug|x64
		{0F0A1872-DDB9-458A-AB8E-20AA3287561A}.Debug|x64.Build.0 = Debug|x64
		{0F0A1872-DDB9-458A-AB8E-20AA3287561A}.Debug|x86.ActiveCfg = Debug|Win32
		{0F0A1872-DDB9-458A-AB8E-20AA3287561A}.Debug|x86.Build.0 = Debug|Win32
		{0F0A1872-DDB9-458A-AB8E-20AA3287561A}.Release|x64.ActiveCfg = Release|x64
		{0F0A1872-DDB9-458A-AB8E-20AA3287561A}.Release|x64.Build.0 = Release|x64
		{0F0A1872-DDB9-458A-AB8E-20AA3287561A}.Release|x86.ActiveCfg = Release|Win32
		{0F0A1872-DDB9-458A-AB8E-20AA3287561A}.Release|x86.Build.0 = Release|Win32
		{1911CD0C-FF3D-4901-8B61-7D63D17FE63F}.Debug|x64.ActiveCfg = Debug|x64
		{1911CD0C-FF3D-4901-8B61-7D63D17FE63F}.Debug|x64.Build.0 = Debug|x64
		{1911CD0C-FF3D-4901-8B61-7D63D17FE63F}.Debug|x86.ActiveCfg = Debug|Win32
		{1911CD0C-FF3D-4901-8B61-7D63D17FE63F}.Debug|x86.Build.0 = Debug|Win32
		{1911CD0C-FF3D-4901-8B61-7D63D17FE63F}.Release|x64.ActiveCfg = Release|x64
		{1911CD0C-FF3D-4901-8B61-7D63D17FE63F}.Release|x64.Build.0 = Release|x64
		{1911CD0C-FF3D-4901-8B61-7D63D17FE63F}.Release|x86.ActiveCfg = Release|Win32
		{1911CD0C-FF3D-4901-8B61-7D63D17FE63F}.Release|x86.Build.0 = Release|Win32
		{919D4D2B-B411-415C-A58F-41027C4DC12E}.Debug|x64.ActiveCfg = Debug|x64
		{919D4D2B-B411-415C-A58F-41027C4DC12E}.Debug|x64.Build.0 = Debug|x64
		{919D4D2B-B411-415C-A58F-41027C4DC12E}.Debug|x86.ActiveCfg = Debug|Win32
		{919D4D2B-B411-415C-A58F-41027C4DC12E}.Debug|x86.Build.0 = Debug|Win32
		{919D4D2B-B411-415C-A58F-41027C4DC12E}.Release|x64.ActiveCfg = Release|x64
		{919D4D2B-B411-415C-A58F-41027C4DC12E}.Release|x64.Build.0 = Release|x64
		{919D4D2B-B411-415C-A58F-41027C4DC12E}.Release|x86.ActiveCfg = Release|Win32
		{919D4D2B-B411-415C-A58F-41027C4DC12E}.Release|x86.Build.0 = Release|Win32
		{85A63F12-7B30-45E3-B3EA-1D385DDB8291}.Debug|x64.ActiveCfg = Debug|x64
		{85A63F12-7B30-45E3-B3EA-1D385DDB8291}.Debug|x64.Build.0 = Debug|x64
		{85A63F12-7B30-45E3-B3EA-1D385DDB8291}.Debug|x86.ActiveCfg = Debug|Win32
		{85A63F12-7B30-45E3-B3EA-1D385DDB8291}.Debug|x86.Build.0 = Debug|Win32
		{85A63F12-7B30-45E3-B3EA-1D385DDB8291}.Release|x64.ActiveCfg = Release|x64
		{85A63F12-7B30-45E3-B3EA-1D385DDB8291}.Release|x64.Build.0 = Release|x64
		{85A63F12-7B30-45E3-B3EA-1D385DDB8291}.Release|x86.ActiveCfg = Release|Win32
		{85A63F12-7B30-45E3-B3EA-1D385DDB8291}.Release|x86.Build.0 = Release|Win32
		{72F48527-61A1-41DE-99D7-EAF8376A4819}.Debug|x64.ActiveCfg = Debug|x64
		{72F48527-61A1-41DE-99D7-EAF8376A4819}.Debug|x64.Build.0 = Debug|x64
		{72F48527-61A1-41DE-99D7-EAF8376A4819}.Debug|x86.ActiveCfg = Debug|Win32
		{72F48527-61A1-41DE-99D7-EAF8376A4819}.Debug|x86.Build.0 = Debug|Win32
		{72F48527-61A1-41DE-99D7-EAF8376A4819}.Release|x64.ActiveCfg = Release|x64
		{72F48527-61A1-41DE-99D7-EAF8376A4819}.Release|x64.Build.0 = Release|x64
		{72F48527-61A1-41DE-99D7-EAF8376A4819}.Release|x86.ActiveCfg = Release|Win32
		{72F48527-61A1-41DE-99D7-EAF8376A4819}.Release|x86.Build.0 = Release|Win32
		{70E76300-A741-4783-828C-68401D453956}.Debug|x64.ActiveCfg = Debug|x64
		{70E76300-A741-4783-828C-68401D453956}.Debug|x64.Build.0 = Debug|x64
		{70E76300-A741-4783-828C-68401D453956}.Debug|x86.ActiveCfg = Debug|Win32
		{70E76300-A741-4783-828C-68401D453956}.Debug|x86.Build.0 = Debug|Win32
		{70E76300-A741-4783-828C-68401D453956}.Release|x64.ActiveCfg = Release|x64
		{70E76300-A741-4783-828C-68401D453956}.Release|x64.Build.0 = Release|x64
		{70E76300-A741-4783-828C-68401D453956}.Release|x86.ActiveCfg = Release|Win32
		{70E76300-A741-4783-828C-68401D453956}.Release|x86.Build.0 = Release|Win32
		{377F32FE-8553-43B1-808E-EB81FDA3F9D6}.Debug|x64.ActiveCfg = Debug|x64
		{377F32FE-8553-43B1-808E-EB81FDA3F9D6}.Debug|x64.Build.0 = Debug|x64
		{377F32FE-8553-43B1-808E-EB81FDA3F9D6}.Debug|x86.ActiveCfg = Debug|Win32
		{377F32FE-8553-43B1-808E-EB81FDA3F9D6}.Debug|x86.Build.0 = Debug|Win32
		{377F32FE-8553-43B1-808E-EB81FDA3F9D6}.Release|x64.ActiveCfg = Release|x64
		{377F32FE-8553-43B1-808E-EB81FDA3F9D6}.Release|x64.Build.0 = Release|x64
		{377F32FE-8553-43B1-808E-EB81FDA3F9D6}.Release|x86.ActiveCfg = Release|Win32
		{377F32FE-8553-43B1-808E-EB81FDA3F9D6}.Release|x86.Build.0 = Release|Win32
		{B6118DE3-C15D-4BD8-83FB-CA5A7C9A3F98}.Debug|x64.ActiveCfg = Debug|x64
		{B6118DE3-C15D-4BD8-83FB-CA5A7C9A3F98}.Debug|x64.Build.0 = Debug|x64
		{B6118DE3-C15D-4BD8-83FB-CA5A7C9A3F98}.Debug|x86.ActiveCfg = Debug|Win32
		{B6118DE3-C15D-4BD8-83FB-CA5A7C9A3F98}.Debug|x86.Build.0 = Debug|Win32
		{B6118DE3-C15D-4BD8-83FB-CA5A7C9A3F98}.Release|x64.ActiveCfg = Release|x64
		{B6118DE3-C15D-4BD8-83FB-CA5A7C9A3F98}.Release|x64.Build.0 = Release|x64
		{B6118DE3-C15D-4BD8-83FB-CA5A7C9A3F98}.Release|x86.ActiveCfg = Release|Win32
		{B6118DE3-C15D-4BD8-83FB-CA5A7C9A3F98}.Release|x86.Build.0 = Release|Win32
		{31895BB3-16ED-476A-859D-2D6F449D45E6}.Debug|x64.ActiveCfg = Debug|x64
		{31895BB3-16ED-476A-859D-2D6F449D45E6}.Debug|x64.Build.0 = Debug|x64
		{31895BB3-16ED-476A-859D-2D6F449D45E6}.Debug|x86.ActiveCfg = Debug|Win32
		{31895BB3-16ED-476A-859D-2D6F449D45E6}.Debug|x86.Build.0 = Debug|Win32
		{31895BB3-16ED-476A-859D-2D6F449D45E6}.Release|x64.ActiveCfg = Release|x64
		{31895BB3-16ED-476A-859D-2D6F449D45E6}.Release|x64.Build.0 = Release|x64
		{31895BB3-16ED-476A-859D-2D6F449D45E6}.Release|x86.ActiveCfg = Release|Win32
		{31895BB3-16ED-476A-859D-2D6F449D45E6}.Release|x86.Build.0 = Release|Win32
		{E1B7AEE7-7544-43FB-A56E-26C1C61C1DA4}.Debug|x64.ActiveCfg = Debug|x64
		{E1B7AEE7-7544-43FB-A56E-26C1C61C1DA4}.Debug|x64.Build.0 = Debug|x64
		{E1B7AEE7-7544-43FB-A56E-26C1C61C1DA4}.Debug|x86.ActiveCfg = Debug|Win32
		{E1B7AEE7-7544-43FB-A56E-26C1C61C1DA4}.Debug|x86.Build.0 = Debug|Win32
		{E1B7AEE7-7544-43FB-A56E-26C1C61C1DA4}.Release|x64.ActiveCfg = Release|x64
		{E1B7AEE7-7544-43FB-A56E-26C1C61C1DA4}.Release|x64.Build.0 = Release|x64
		{E1B7AEE7-7544-43FB-A56E-26C1C61C1DA4}.Release|x86.ActiveCfg = Release|Win32
		{E1B7AEE7-7544-43FB-A56E-26C1C61C1DA4}.Release|x86.Build.0 = Release|Win32
		{448994FB-DD35-46A5-9F69-16D3200FC495}.Debug|x64.ActiveCfg = Debug|x64
		{448994FB-DD35-46A5-9F69-16D3200FC495}.Debug|x64.Build.0 = Debug|x64
		{448994FB-DD35-46A5-9F69-16D3200FC495}.Debug|x86.ActiveCfg = Debug|Win32
		{448994FB-DD35-46A5-9F69-16D3200FC495}.Debug|x86.Build.0 = Debug|Win32
		{448994FB-DD35-46A5-9F69-16D3200FC495}.Release|x64.ActiveCfg = Release|x64
		{448994FB-DD35-46A5-9F69-16D3200FC495}.Release|x64.Build.0 = Release|x64
		{448994FB-DD35-46A5-9F69-16D3200FC495}.Release|x86.ActiveCfg = Release|Win32
		{448994FB-DD35-46A5-9F69-16D3200FC495}.Release|x86.Build.0 = Release|Win32
		{DBB594A8-FB5F-4AD5-9503-5538C472F457}.Debug|x64.ActiveCfg = Debug|x64
		{DBB594A8-FB5F-4AD5-9503-5538C472F457}.Debug|x64.Build.0 = Debug|x64
		{DBB594A8-FB5F-4AD5-9503-5538C472F457}.Debug|x86.ActiveCfg = Debug|Win32
		{DBB594A8-FB5F-4AD5-9503-5538C472F457}.Debug|x86.Build.0 = Debug|Win32
		{DBB594A8-FB5F-4AD5-9503-5538C472F457}.Release|x64.ActiveCfg = Release|x64
		{DBB594A8-FB5F-4AD5-9503-5538C472F457}.Release|x64.Build.0 = Release|x64
		{DBB594A8-FB5F-4AD5-9503-5538C472F457}.Release|x86.ActiveCfg = Release|Win32
		{DBB594A8-FB5F-4AD5-9503-5538C472F457}.Release|x86.Build.0 = Release|Win32
		{43434809-2AF5-4325-B46B-B8BE9540F04E}.Debug|x64.ActiveCfg = Debug|x64
		{43434809-2AF5-4325-B46B-B8BE9540F04E}.Debug|x64.Build.0 = Debug|x64
		{43434809-2AF5-4325-B46B-B8BE9540F04E}.Debug|x86.ActiveCfg = Debug|Win32
		{43434809-2AF5-4325-B46B-B8BE9540F04E}.Debug|x86.Build.0 = Debug|Win32
		{43434809-2AF5-4325-B46B-B8BE9540F04E}.Release|x64.ActiveCfg = Release|x64
		{43434809-2AF5-4325-B46B-B8BE9540F04E}.Release|x64.Build.0 = Release|x64
		{43434809-2AF5-4325-B46B-B8BE9540F04E}.Release|x86.ActiveCfg = Release|Win32
		{43434809-2AF5-4325-B46B-B8BE9540F04E}.Release|x86.Build.0 = Release|Win32
	EndGlobalSection
	GlobalSection(SolutionProperties) = preSolution
		HideSolutionNode = FALSE
	EndGlobalSection
	GlobalSection(ExtensibilityGlobals) = postSolution
		SolutionGuid = {1B0CC040-1935-417D-84F5-14E33D956F89}
	EndGlobalSection
EndGlobal
